
Microsoft Visual Studio Solution File, Format Version 12.00
# Visual Studio Version 17
VisualStudioVersion = 17.9.34902.65
MinimumVisualStudioVersion = 10.0.40219.1
Project("{FAE04EC0-301F-11D3-BF4B-00C04F79EFBC}") = "Week2", "Week2\Week2.csproj", "{103D4ADC-F144-48E0-8ECE-162538705D2C}"
EndProject
Project("{FAE04EC0-301F-11D3-BF4B-00C04F79EFBC}") = "userGenderValidation", "userageValidation\userGenderValidation.csproj", "{AC18F2D8-C85A-47EC-B402-40172F164016}"
EndProject
Project("{FAE04EC0-301F-11D3-BF4B-00C04F79EFBC}") = "userAgeValidation1", "userAgeValidation1\userAgeValidation1.csproj", "{03C95420-CF2D-456F-B546-6F3D03D55D97}"
EndProject
Global
	GlobalSection(SolutionConfigurationPlatforms) = preSolution
		Debug|Any CPU = Debug|Any CPU
		Release|Any CPU = Release|Any CPU
	EndGlobalSection
	GlobalSection(ProjectConfigurationPlatforms) = postSolution
		{103D4ADC-F144-48E0-8ECE-162538705D2C}.Debug|Any CPU.ActiveCfg = Debug|Any CPU
		{103D4ADC-F144-48E0-8ECE-162538705D2C}.Debug|Any CPU.Build.0 = Debug|Any CPU
		{103D4ADC-F144-48E0-8ECE-162538705D2C}.Release|Any CPU.ActiveCfg = Release|Any CPU
		{103D4ADC-F144-48E0-8ECE-162538705D2C}.Release|Any CPU.Build.0 = Release|Any CPU
		{AC18F2D8-C85A-47EC-B402-40172F164016}.Debug|Any CPU.ActiveCfg = Debug|Any CPU
		{AC18F2D8-C85A-47EC-B402-40172F164016}.Debug|Any CPU.Build.0 = Debug|Any CPU
		{AC18F2D8-C85A-47EC-B402-40172F164016}.Release|Any CPU.ActiveCfg = Release|Any CPU
		{AC18F2D8-C85A-47EC-B402-40172F164016}.Release|Any CPU.Build.0 = Release|Any CPU
		{03C95420-CF2D-456F-B546-6F3D03D55D97}.Debug|Any CPU.ActiveCfg = Debug|Any CPU
		{03C95420-CF2D-456F-B546-6F3D03D55D97}.Debug|Any CPU.Build.0 = Debug|Any CPU
		{03C95420-CF2D-456F-B546-6F3D03D55D97}.Release|Any CPU.ActiveCfg = Release|Any CPU
		{03C95420-CF2D-456F-B546-6F3D03D55D97}.Release|Any CPU.Build.0 = Release|Any CPU
	EndGlobalSection
	GlobalSection(SolutionProperties) = preSolution
		HideSolutionNode = FALSE
	EndGlobalSection
	GlobalSection(ExtensibilityGlobals) = postSolution
		SolutionGuid = {67E54B30-192F-4149-ADFC-946C2CB3967D}
	EndGlobalSection
EndGlobal
